{
  "name": "calc-odds-serverless",
  "version": "1.0.0",
  "lockfileVersion": 2,
  "requires": true,
  "packages": {
    "": {
      "name": "calc-odds-serverless",
      "version": "1.0.0",
      "dependencies": {
        "@moby-it/ppo-core": "^1.1.7"
      },
      "devDependencies": {
        "@azure/functions": "^3.0.0",
        "@types/node": "16.x",
        "typescript": "^4.0.0"
      }
    },
    "node_modules/@azure/functions": {
      "version": "3.2.0",
      "resolved": "https://registry.npmjs.org/@azure/functions/-/functions-3.2.0.tgz",
      "integrity": "sha512-HbE7iORnYcjLzKNf5mIQRJQDTsVxhoXHRWEZ6KWdGh4e7+F9xTloiBicavbSoVmlAYivenIVpryHanVwsQaHUw==",
      "dev": true
    },
    "node_modules/@moby-it/ppo-core": {
      "version": "1.1.7",
      "resolved": "https://registry.npmjs.org/@moby-it/ppo-core/-/ppo-core-1.1.7.tgz",
      "integrity": "sha512-cemyPfnlZ7opsmF4x4544yl1nsk93kVi4gk6ZHzps1RlHFsUm2btj66bmO/iFVtR0Srz3C/FAgsamqbRhkbhTQ==",
      "dependencies": {
        "fp-ts": "^2.12.3",
        "io-ts": "^2.2.18",
        "poker-odds": "^1.0.1"
      },
      "peerDependencies": {
        "fp-ts": "^2.12.3",
        "io-ts": "^2.2.18",
        "poker-odds": "^1.0.1"
      }
    },
    "node_modules/@types/node": {
      "version": "16.11.68",
      "resolved": "https://registry.npmjs.org/@types/node/-/node-16.11.68.tgz",
      "integrity": "sha512-JkRpuVz3xCNCWaeQ5EHLR/6woMbHZz/jZ7Kmc63AkU+1HxnoUugzSWMck7dsR4DvNYX8jp9wTi9K7WvnxOIQZQ==",
      "dev": true
    },
    "node_modules/fp-ts": {
      "version": "2.13.1",
      "resolved": "https://registry.npmjs.org/fp-ts/-/fp-ts-2.13.1.tgz",
      "integrity": "sha512-0eu5ULPS2c/jsa1lGFneEFFEdTbembJv8e4QKXeVJ3lm/5hyve06dlKZrpxmMwJt6rYen7sxmHHK2CLaXvWuWQ=="
    },
    "node_modules/io-ts": {
      "version": "2.2.19",
      "resolved": "https://registry.npmjs.org/io-ts/-/io-ts-2.2.19.tgz",
      "integrity": "sha512-ED0GQwvKRr5C2jqOOJCkuJW2clnbzqFexQ8V7Qsb+VB36S1Mk/OKH7k0FjSe4mjKy9qBRA3OqgVGyFMUEKIubw==",
      "peerDependencies": {
        "fp-ts": "^2.5.0"
      }
    },
    "node_modules/poker-odds": {
      "version": "1.0.1",
      "resolved": "https://registry.npmjs.org/poker-odds/-/poker-odds-1.0.1.tgz",
      "integrity": "sha512-23EbEsyO+DHeXRkKbmdOWMdj+QInfc4AjL7PhnXtDc1VIQnfzK6jbY4sT75H6KSF6sFOPSKyX9tb0hqcJaAWqA==",
      "bin": {
        "poker-odds": "lib/bin/poker-odds.js"
      },
      "engines": {
        "node": ">=6.0.0"
      }
    },
    "node_modules/typescript": {
      "version": "4.8.4",
      "resolved": "https://registry.npmjs.org/typescript/-/typescript-4.8.4.tgz",
      "integrity": "sha512-QCh+85mCy+h0IGff8r5XWzOVSbBO+KfeYrMQh7NJ58QujwcE22u+NUSmUxqF+un70P9GXKxa2HCNiTTMJknyjQ==",
      "dev": true,
      "bin": {
        "tsc": "bin/tsc",
        "tsserver": "bin/tsserver"
      },
      "engines": {
        "node": ">=4.2.0"
      }
    }
  },
  "dependencies": {
    "@azure/functions": {
      "version": "3.2.0",
      "resolved": "https://registry.npmjs.org/@azure/functions/-/functions-3.2.0.tgz",
      "integrity": "sha512-HbE7iORnYcjLzKNf5mIQRJQDTsVxhoXHRWEZ6KWdGh4e7+F9xTloiBicavbSoVmlAYivenIVpryHanVwsQaHUw==",
      "dev": true
    },
    "@moby-it/ppo-core": {
      "version": "1.1.7",
      "resolved": "https://registry.npmjs.org/@moby-it/ppo-core/-/ppo-core-1.1.7.tgz",
      "integrity": "sha512-cemyPfnlZ7opsmF4x4544yl1nsk93kVi4gk6ZHzps1RlHFsUm2btj66bmO/iFVtR0Srz3C/FAgsamqbRhkbhTQ==",
      "requires": {
        "fp-ts": "^2.12.3",
        "io-ts": "^2.2.18",
        "poker-odds": "^1.0.1"
      }
    },
    "@types/node": {
      "version": "16.11.68",
      "resolved": "https://registry.npmjs.org/@types/node/-/node-16.11.68.tgz",
      "integrity": "sha512-JkRpuVz3xCNCWaeQ5EHLR/6woMbHZz/jZ7Kmc63AkU+1HxnoUugzSWMck7dsR4DvNYX8jp9wTi9K7WvnxOIQZQ==",
      "dev": true
    },
    "fp-ts": {
      "version": "2.13.1",
      "resolved": "https://registry.npmjs.org/fp-ts/-/fp-ts-2.13.1.tgz",
      "integrity": "sha512-0eu5ULPS2c/jsa1lGFneEFFEdTbembJv8e4QKXeVJ3lm/5hyve06dlKZrpxmMwJt6rYen7sxmHHK2CLaXvWuWQ=="
    },
    "io-ts": {
      "version": "2.2.19",
      "resolved": "https://registry.npmjs.org/io-ts/-/io-ts-2.2.19.tgz",
      "integrity": "sha512-ED0GQwvKRr5C2jqOOJCkuJW2clnbzqFexQ8V7Qsb+VB36S1Mk/OKH7k0FjSe4mjKy9qBRA3OqgVGyFMUEKIubw==",
      "requires": {}
    },
    "poker-odds": {
      "version": "1.0.1",
      "resolved": "https://registry.npmjs.org/poker-odds/-/poker-odds-1.0.1.tgz",
      "integrity": "sha512-23EbEsyO+DHeXRkKbmdOWMdj+QInfc4AjL7PhnXtDc1VIQnfzK6jbY4sT75H6KSF6sFOPSKyX9tb0hqcJaAWqA=="
    },
    "typescript": {
      "version": "4.8.4",
      "resolved": "https://registry.npmjs.org/typescript/-/typescript-4.8.4.tgz",
      "integrity": "sha512-QCh+85mCy+h0IGff8r5XWzOVSbBO+KfeYrMQh7NJ58QujwcE22u+NUSmUxqF+un70P9GXKxa2HCNiTTMJknyjQ==",
      "dev": true
    }
  }
}
